// !$*UTF8*$!
{
	archiveVersion = 1;
	classes = {
	};
	objectVersion = 56;
	objects = {

/* Begin PBXBuildFile section */
		A10001 /* NeverdieApp.swift in Sources */ = {isa = PBXBuildFile; fileRef = A20001 /* NeverdieApp.swift */; };
		A10002 /* Logger+Extensions.swift in Sources */ = {isa = PBXBuildFile; fileRef = A20002 /* Logger+Extensions.swift */; };
		A10004 /* Assets.xcassets in Resources */ = {isa = PBXBuildFile; fileRef = A20004 /* Assets.xcassets */; };
		A10005 /* AppState.swift in Sources */ = {isa = PBXBuildFile; fileRef = A20007 /* AppState.swift */; };
		A10006 /* Protocols.swift in Sources */ = {isa = PBXBuildFile; fileRef = A20008 /* Protocols.swift */; };
		A10007 /* SleepManager.swift in Sources */ = {isa = PBXBuildFile; fileRef = A20009 /* SleepManager.swift */; };
		A10008 /* StatusBarController.swift in Sources */ = {isa = PBXBuildFile; fileRef = A2000A /* StatusBarController.swift */; };
		A10009 /* SignalHandler.swift in Sources */ = {isa = PBXBuildFile; fileRef = A2000B /* SignalHandler.swift */; };
		A1000B /* ProcessMonitor.swift in Sources */ = {isa = PBXBuildFile; fileRef = A2000C /* ProcessMonitor.swift */; };
		A1000C /* TokenMonitor.swift in Sources */ = {isa = PBXBuildFile; fileRef = A2000D /* TokenMonitor.swift */; };
		A1000D /* PopoverView.swift in Sources */ = {isa = PBXBuildFile; fileRef = A2000E /* PopoverView.swift */; };
		A1000E /* PopoverManager.swift in Sources */ = {isa = PBXBuildFile; fileRef = A2000F /* PopoverManager.swift */; };
		A1000F /* AnimationManager.swift in Sources */ = {isa = PBXBuildFile; fileRef = A20012 /* AnimationManager.swift */; };
		A10010 /* NeverdieTests.swift in Sources */ = {isa = PBXBuildFile; fileRef = A20010 /* NeverdieTests.swift */; };
		A10011 /* Localizable.strings in Resources */ = {isa = PBXBuildFile; fileRef = A20013 /* Localizable.strings */; };
/* End PBXBuildFile section */

/* Begin PBXContainerItemProxy section */
		A60001 /* PBXContainerItemProxy */ = {
			isa = PBXContainerItemProxy;
			containerPortal = A30001 /* Project object */;
			proxyType = 1;
			remoteGlobalIDString = A40001;
			remoteInfo = Neverdie;
		};
/* End PBXContainerItemProxy section */

/* Begin PBXFileReference section */
		A20001 /* NeverdieApp.swift */ = {isa = PBXFileReference; lastKnownFileType = sourcecode.swift; path = NeverdieApp.swift; sourceTree = "<group>"; };
		A20002 /* Logger+Extensions.swift */ = {isa = PBXFileReference; lastKnownFileType = sourcecode.swift; path = "Logger+Extensions.swift"; sourceTree = "<group>"; };
		A20003 /* Info.plist */ = {isa = PBXFileReference; lastKnownFileType = text.plist.xml; path = Info.plist; sourceTree = "<group>"; };
		A20004 /* Assets.xcassets */ = {isa = PBXFileReference; lastKnownFileType = folder.assetcatalog; path = Assets.xcassets; sourceTree = "<group>"; };
		A20005 /* Neverdie.app */ = {isa = PBXFileReference; explicitFileType = wrapper.application; includeInIndex = 0; path = Neverdie.app; sourceTree = BUILT_PRODUCTS_DIR; };
		A20006 /* Neverdie.entitlements */ = {isa = PBXFileReference; lastKnownFileType = text.plist.entitlements; path = Neverdie.entitlements; sourceTree = "<group>"; };
		A20007 /* AppState.swift */ = {isa = PBXFileReference; lastKnownFileType = sourcecode.swift; path = AppState.swift; sourceTree = "<group>"; };
		A20008 /* Protocols.swift */ = {isa = PBXFileReference; lastKnownFileType = sourcecode.swift; path = Protocols.swift; sourceTree = "<group>"; };
		A20009 /* SleepManager.swift */ = {isa = PBXFileReference; lastKnownFileType = sourcecode.swift; path = SleepManager.swift; sourceTree = "<group>"; };
		A2000A /* StatusBarController.swift */ = {isa = PBXFileReference; lastKnownFileType = sourcecode.swift; path = StatusBarController.swift; sourceTree = "<group>"; };
		A2000B /* SignalHandler.swift */ = {isa = PBXFileReference; lastKnownFileType = sourcecode.swift; path = SignalHandler.swift; sourceTree = "<group>"; };
		A2000C /* ProcessMonitor.swift */ = {isa = PBXFileReference; lastKnownFileType = sourcecode.swift; path = ProcessMonitor.swift; sourceTree = "<group>"; };
		A2000D /* TokenMonitor.swift */ = {isa = PBXFileReference; lastKnownFileType = sourcecode.swift; path = TokenMonitor.swift; sourceTree = "<group>"; };
		A2000E /* PopoverView.swift */ = {isa = PBXFileReference; lastKnownFileType = sourcecode.swift; path = PopoverView.swift; sourceTree = "<group>"; };
		A2000F /* PopoverManager.swift */ = {isa = PBXFileReference; lastKnownFileType = sourcecode.swift; path = PopoverManager.swift; sourceTree = "<group>"; };
		A20010 /* NeverdieTests.swift */ = {isa = PBXFileReference; lastKnownFileType = sourcecode.swift; path = NeverdieTests.swift; sourceTree = "<group>"; };
		A20011 /* NeverdieTests.xctest */ = {isa = PBXFileReference; explicitFileType = wrapper.cfbundle; includeInIndex = 0; path = NeverdieTests.xctest; sourceTree = BUILT_PRODUCTS_DIR; };
		A20012 /* AnimationManager.swift */ = {isa = PBXFileReference; lastKnownFileType = sourcecode.swift; path = AnimationManager.swift; sourceTree = "<group>"; };
		A20014 /* en */ = {isa = PBXFileReference; lastKnownFileType = text.plist.strings; name = en; path = en.lproj/Localizable.strings; sourceTree = "<group>"; };
/* End PBXFileReference section */

/* Begin PBXFrameworksBuildPhase section */
		A50001 /* Frameworks */ = {
			isa = PBXFrameworksBuildPhase;
			buildActionMask = 2147483647;
			files = (
			);
			runOnlyForDeploymentPostprocessing = 0;
		};
		A50002 /* Frameworks */ = {
			isa = PBXFrameworksBuildPhase;
			buildActionMask = 2147483647;
			files = (
			);
			runOnlyForDeploymentPostprocessing = 0;
		};
/* End PBXFrameworksBuildPhase section */

/* Begin PBXGroup section */
		A70001 = {
			isa = PBXGroup;
			children = (
				A70002 /* Sources */,
				A70003 /* Resources */,
				A70005 /* NeverdieTests */,
				A70004 /* Products */,
			);
			sourceTree = "<group>";
		};
		A70002 /* Sources */ = {
			isa = PBXGroup;
			children = (
				A20001 /* NeverdieApp.swift */,
				A20002 /* Logger+Extensions.swift */,
				A20007 /* AppState.swift */,
				A20008 /* Protocols.swift */,
				A20009 /* SleepManager.swift */,
				A2000A /* StatusBarController.swift */,
				A2000B /* SignalHandler.swift */,
				A2000C /* ProcessMonitor.swift */,
				A2000D /* TokenMonitor.swift */,
				A2000E /* PopoverView.swift */,
				A2000F /* PopoverManager.swift */,
				A20012 /* AnimationManager.swift */,
			);
			path = Sources;
			sourceTree = "<group>";
		};
		A70003 /* Resources */ = {
			isa = PBXGroup;
			children = (
				A20003 /* Info.plist */,
				A20004 /* Assets.xcassets */,
				A20013 /* Localizable.strings */,
			);
			path = Resources;
			sourceTree = "<group>";
		};
		A70004 /* Products */ = {
			isa = PBXGroup;
			children = (
				A20005 /* Neverdie.app */,
				A20011 /* NeverdieTests.xctest */,
			);
			name = Products;
			sourceTree = "<group>";
		};
		A70005 /* NeverdieTests */ = {
			isa = PBXGroup;
			children = (
				A20010 /* NeverdieTests.swift */,
				A20006 /* Neverdie.entitlements */,
			);
			name = NeverdieTests;
			path = ../NeverdieTests;
			sourceTree = "<group>";
		};
/* End PBXGroup section */

/* Begin PBXNativeTarget section */
		A40001 /* Neverdie */ = {
			isa = PBXNativeTarget;
			buildConfigurationList = A80001 /* Build configuration list for PBXNativeTarget "Neverdie" */;
			buildPhases = (
				A90001 /* Sources */,
				A50001 /* Frameworks */,
				AB0001 /* Resources */,
			);
			buildRules = (
			);
			dependencies = (
			);
			name = Neverdie;
			productName = Neverdie;
			productReference = A20005 /* Neverdie.app */;
			productType = "com.apple.product-type.application";
		};
		A40002 /* NeverdieTests */ = {
			isa = PBXNativeTarget;
			buildConfigurationList = A80003 /* Build configuration list for PBXNativeTarget "NeverdieTests" */;
			buildPhases = (
				A90002 /* Sources */,
				A50002 /* Frameworks */,
			);
			buildRules = (
			);
			dependencies = (
				A60002 /* PBXTargetDependency */,
			);
			name = NeverdieTests;
			productName = NeverdieTests;
			productReference = A20011 /* NeverdieTests.xctest */;
			productType = "com.apple.product-type.bundle.unit-test";
		};
/* End PBXNativeTarget section */

/* Begin PBXProject section */
		A30001 /* Project object */ = {
			isa = PBXProject;
			attributes = {
				BuildIndependentTargetsInParallel = 1;
				LastSwiftUpdateCheck = 1500;
				LastUpgradeCheck = 1500;
				TargetAttributes = {
					A40001 = {
						CreatedOnToolsVersion = 15.0;
					};
					A40002 = {
						CreatedOnToolsVersion = 15.0;
						TestTargetID = A40001;
					};
				};
			};
			buildConfigurationList = A80002 /* Build configuration list for PBXProject "Neverdie" */;
			compatibilityVersion = "Xcode 14.0";
			developmentRegion = en;
			hasScannedForEncodings = 0;
			knownRegions = (
				en,
				Base,
			);
			mainGroup = A70001;
			productRefGroup = A70004 /* Products */;
			projectDirPath = "";
			projectRoot = "";
			targets = (
				A40001 /* Neverdie */,
				A40002 /* NeverdieTests */,
			);
		};
/* End PBXProject section */

/* Begin PBXResourcesBuildPhase section */
		AB0001 /* Resources */ = {
			isa = PBXResourcesBuildPhase;
			buildActionMask = 2147483647;
			files = (
				A10004 /* Assets.xcassets in Resources */,
				A10011 /* Localizable.strings in Resources */,
			);
			runOnlyForDeploymentPostprocessing = 0;
		};
/* End PBXResourcesBuildPhase section */

/* Begin PBXSourcesBuildPhase section */
		A90001 /* Sources */ = {
			isa = PBXSourcesBuildPhase;
			buildActionMask = 2147483647;
			files = (
				A10001 /* NeverdieApp.swift in Sources */,
				A10002 /* Logger+Extensions.swift in Sources */,
				A10005 /* AppState.swift in Sources */,
				A10006 /* Protocols.swift in Sources */,
				A10007 /* SleepManager.swift in Sources */,
				A10008 /* StatusBarController.swift in Sources */,
				A10009 /* SignalHandler.swift in Sources */,
				A1000B /* ProcessMonitor.swift in Sources */,
				A1000C /* TokenMonitor.swift in Sources */,
				A1000D /* PopoverView.swift in Sources */,
				A1000E /* PopoverManager.swift in Sources */,
				A1000F /* AnimationManager.swift in Sources */,
			);
			runOnlyForDeploymentPostprocessing = 0;
		};
		A90002 /* Sources */ = {
			isa = PBXSourcesBuildPhase;
			buildActionMask = 2147483647;
			files = (
				A10010 /* NeverdieTests.swift in Sources */,
			);
			runOnlyForDeploymentPostprocessing = 0;
		};
/* End PBXSourcesBuildPhase section */

/* Begin PBXTargetDependency section */
		A60002 /* PBXTargetDependency */ = {
			isa = PBXTargetDependency;
			target = A40001 /* Neverdie */;
			targetProxy = A60001 /* PBXContainerItemProxy */;
		};
/* End PBXTargetDependency section */

/* Begin PBXVariantGroup section */
		A20013 /* Localizable.strings */ = {
			isa = PBXVariantGroup;
			children = (
				A20014 /* en */,
			);
			name = Localizable.strings;
			sourceTree = "<group>";
		};
/* End PBXVariantGroup section */

/* Begin XCBuildConfiguration section */
		B10001 /* Debug */ = {
			isa = XCBuildConfiguration;
			buildSettings = {
				ALWAYS_SEARCH_USER_PATHS = NO;
				ASSETCATALOG_COMPILER_GENERATE_SWIFT_ASSET_SYMBOL_EXTENSIONS = YES;
				CLANG_ANALYZER_NONNULL = YES;
				CLANG_CXX_LANGUAGE_STANDARD = "gnu++20";
				CLANG_ENABLE_MODULES = YES;
				CLANG_ENABLE_OBJC_ARC = YES;
				COPY_PHASE_STRIP = NO;
				DEBUG_INFORMATION_FORMAT = dwarf;
				ENABLE_STRICT_OBJC_MSGSEND = YES;
				ENABLE_TESTABILITY = YES;
				ENABLE_USER_SCRIPT_SANDBOXING = YES;
				GCC_DYNAMIC_NO_PIC = NO;
				GCC_NO_COMMON_BLOCKS = YES;
				GCC_OPTIMIZATION_LEVEL = 0;
				GCC_WARN_64_TO_32_BIT_CONVERSION = YES;
				GCC_WARN_ABOUT_RETURN_TYPE = YES_ERROR;
				GCC_WARN_UNDECLARED_SELECTOR = YES;
				GCC_WARN_UNINITIALIZED_AUTOS = YES_AGGRESSIVE;
				GCC_WARN_UNUSED_FUNCTION = YES;
				GCC_WARN_UNUSED_VARIABLE = YES;
				MACOSX_DEPLOYMENT_TARGET = 14.0;
				MTL_ENABLE_DEBUG_INFO = INCLUDE_SOURCE;
				MTL_FAST_MATH = YES;
				ONLY_ACTIVE_ARCH = YES;
				SDKROOT = macosx;
				SWIFT_ACTIVE_COMPILATION_CONDITIONS = "DEBUG $(inherited)";
				SWIFT_OPTIMIZATION_LEVEL = "-Onone";
			};
			name = Debug;
		};
		B10002 /* Release */ = {
			isa = XCBuildConfiguration;
			buildSettings = {
				ALWAYS_SEARCH_USER_PATHS = NO;
				ASSETCATALOG_COMPILER_GENERATE_SWIFT_ASSET_SYMBOL_EXTENSIONS = YES;
				CLANG_ANALYZER_NONNULL = YES;
				CLANG_CXX_LANGUAGE_STANDARD = "gnu++20";
				CLANG_ENABLE_MODULES = YES;
				CLANG_ENABLE_OBJC_ARC = YES;
				COPY_PHASE_STRIP = NO;
				DEBUG_INFORMATION_FORMAT = "dwarf-with-dsym";
				ENABLE_NS_ASSERTIONS = NO;
				ENABLE_STRICT_OBJC_MSGSEND = YES;
				ENABLE_USER_SCRIPT_SANDBOXING = YES;
				GCC_NO_COMMON_BLOCKS = YES;
				GCC_WARN_64_TO_32_BIT_CONVERSION = YES;
				GCC_WARN_ABOUT_RETURN_TYPE = YES_ERROR;
				GCC_WARN_UNDECLARED_SELECTOR = YES;
				GCC_WARN_UNINITIALIZED_AUTOS = YES_AGGRESSIVE;
				GCC_WARN_UNUSED_FUNCTION = YES;
				GCC_WARN_UNUSED_VARIABLE = YES;
				MACOSX_DEPLOYMENT_TARGET = 14.0;
				MTL_ENABLE_DEBUG_INFO = NO;
				MTL_FAST_MATH = YES;
				SDKROOT = macosx;
				SWIFT_COMPILATION_MODE = wholemodule;
			};
			name = Release;
		};
		B20001 /* Debug */ = {
			isa = XCBuildConfiguration;
			buildSettings = {
				ARCHS = "$(ARCHS_STANDARD)";
				ASSETCATALOG_COMPILER_APPICON_NAME = AppIcon;
				CODE_SIGN_ENTITLEMENTS = Neverdie.entitlements;
				CODE_SIGN_STYLE = Automatic;
				COMBINE_HIDPI_IMAGES = YES;
				CURRENT_PROJECT_VERSION = 1;
				DEVELOPMENT_TEAM = JZ8Y9WP6RC;
				ENABLE_HARDENED_RUNTIME = YES;
				GENERATE_INFOPLIST_FILE = NO;
				INFOPLIST_FILE = Resources/Info.plist;
				INFOPLIST_KEY_NSHumanReadableCopyright = "Copyright 2026 Neverdie. All rights reserved.";
				LD_RUNPATH_SEARCH_PATHS = (
					"$(inherited)",
					"@executable_path/../Frameworks",
				);
				MARKETING_VERSION = 1.0.0;
				PRODUCT_BUNDLE_IDENTIFIER = com.neverdie.app;
				PRODUCT_NAME = "$(TARGET_NAME)";
				SWIFT_EMIT_LOC_STRINGS = YES;
				SWIFT_VERSION = 5.0;
			};
			name = Debug;
		};
		B20002 /* Release */ = {
			isa = XCBuildConfiguration;
			buildSettings = {
				ARCHS = "$(ARCHS_STANDARD)";
				ASSETCATALOG_COMPILER_APPICON_NAME = AppIcon;
				CODE_SIGN_ENTITLEMENTS = Neverdie.entitlements;
				CODE_SIGN_STYLE = Automatic;
				COMBINE_HIDPI_IMAGES = YES;
				CURRENT_PROJECT_VERSION = 1;
				DEVELOPMENT_TEAM = JZ8Y9WP6RC;
				ENABLE_HARDENED_RUNTIME = YES;
				GENERATE_INFOPLIST_FILE = NO;
				INFOPLIST_FILE = Resources/Info.plist;
				INFOPLIST_KEY_NSHumanReadableCopyright = "Copyright 2026 Neverdie. All rights reserved.";
				LD_RUNPATH_SEARCH_PATHS = (
					"$(inherited)",
					"@executable_path/../Frameworks",
				);
				MARKETING_VERSION = 1.0.0;
				PRODUCT_BUNDLE_IDENTIFIER = com.neverdie.app;
				PRODUCT_NAME = "$(TARGET_NAME)";
				SWIFT_EMIT_LOC_STRINGS = YES;
				SWIFT_VERSION = 5.0;
			};
			name = Release;
		};
		B30001 /* Debug */ = {
			isa = XCBuildConfiguration;
			buildSettings = {
				BUNDLE_LOADER = "$(TEST_HOST)";
				CODE_SIGN_STYLE = Automatic;
				CURRENT_PROJECT_VERSION = 1;
				GENERATE_INFOPLIST_FILE = YES;
				MACOSX_DEPLOYMENT_TARGET = 14.0;
				MARKETING_VERSION = 1.0;
				PRODUCT_BUNDLE_IDENTIFIER = com.neverdie.app.tests;
				PRODUCT_NAME = "$(TARGET_NAME)";
				SWIFT_EMIT_LOC_STRINGS = NO;
				SWIFT_VERSION = 5.0;
				TEST_HOST = "$(BUILT_PRODUCTS_DIR)/Neverdie.app/Contents/MacOS/Neverdie";
			};
			name = Debug;
		};
		B30002 /* Release */ = {
			isa = XCBuildConfiguration;
			buildSettings = {
				BUNDLE_LOADER = "$(TEST_HOST)";
				CODE_SIGN_STYLE = Automatic;
				CURRENT_PROJECT_VERSION = 1;
				GENERATE_INFOPLIST_FILE = YES;
				MACOSX_DEPLOYMENT_TARGET = 14.0;
				MARKETING_VERSION = 1.0;
				PRODUCT_BUNDLE_IDENTIFIER = com.neverdie.app.tests;
				PRODUCT_NAME = "$(TARGET_NAME)";
				SWIFT_EMIT_LOC_STRINGS = NO;
				SWIFT_VERSION = 5.0;
				TEST_HOST = "$(BUILT_PRODUCTS_DIR)/Neverdie.app/Contents/MacOS/Neverdie";
			};
			name = Release;
		};
/* End XCBuildConfiguration section */

/* Begin XCConfigurationList section */
		A80001 /* Build configuration list for PBXNativeTarget "Neverdie" */ = {
			isa = XCConfigurationList;
			buildConfigurations = (
				B20001 /* Debug */,
				B20002 /* Release */,
			);
			defaultConfigurationIsVisible = 0;
			defaultConfigurationName = Release;
		};
		A80002 /* Build configuration list for PBXProject "Neverdie" */ = {
			isa = XCConfigurationList;
			buildConfigurations = (
				B10001 /* Debug */,
				B10002 /* Release */,
			);
			defaultConfigurationIsVisible = 0;
			defaultConfigurationName = Release;
		};
		A80003 /* Build configuration list for PBXNativeTarget "NeverdieTests" */ = {
			isa = XCConfigurationList;
			buildConfigurations = (
				B30001 /* Debug */,
				B30002 /* Release */,
			);
			defaultConfigurationIsVisible = 0;
			defaultConfigurationName = Release;
		};
/* End XCConfigurationList section */
	};
	rootObject = A30001 /* Project object */;
}
